Microsoft Visual Studio Solution File, Format Version 11.00
# Visual Studio 2008

Project("{7D7C10DC-9C06-48CB-71D8-E86572B40F1D}") = "2D game practice", "Assembly-CSharp.csproj", "{269D7097-48D7-DB04-BDB8-087DFFBCBCDA}"
EndProject
Global
	GlobalSection(SolutionConfigurationPlatforms) = preSolution
		Debug|Any CPU = Debug|Any CPU
		Release|Any CPU = Release|Any CPU
	EndGlobalSection
	GlobalSection(ProjectConfigurationPlatforms) = postSolution
		{269D7097-48D7-DB04-BDB8-087DFFBCBCDA}.Debug|Any CPU.ActiveCfg = Debug|Any CPU
		{269D7097-48D7-DB04-BDB8-087DFFBCBCDA}.Debug|Any CPU.Build.0 = Debug|Any CPU
		{269D7097-48D7-DB04-BDB8-087DFFBCBCDA}.Release|Any CPU.ActiveCfg = Release|Any CPU
		{269D7097-48D7-DB04-BDB8-087DFFBCBCDA}.Release|Any CPU.Build.0 = Release|Any CPU
	EndGlobalSection
	GlobalSection(SolutionProperties) = preSolution
		HideSolutionNode = FALSE
	EndGlobalSection
	GlobalSection(MonoDevelopProperties) = preSolution
		StartupItem = Assembly-CSharp.csproj
	EndGlobalSection
EndGlobal
